<?xml version="1.0" encoding="utf-8"?>
<Project ToolsVersion="4.0" xmlns="http://schemas.microsoft.com/developer/msbuild/2003">
  <ItemGroup>
    <Filter Include="Source Files">
      <UniqueIdentifier>{4FC737F1-C7A5-4376-A066-2A32D752A2FF}</UniqueIdentifier>
      <Extensions>cpp;c;cc;cxx;def;odl;idl;hpj;bat;asm;asmx</Extensions>
    </Filter>
    <Filter Include="Header Files">
      <UniqueIdentifier>{93995380-89BD-4b04-88EB-625FBE52EBFB}</UniqueIdentifier>
      <Extensions>h;hpp;hxx;hm;inl;inc;xsd</Extensions>
    </Filter>
    <Filter Include="Resource Files">
      <UniqueIdentifier>{67DA6AB6-F800-4c08-8B7A-83BB121AAD01}</UniqueIdentifier>
      <Extensions>rc;ico;cur;bmp;dlg;rc2;rct;bin;rgs;gif;jpg;jpeg;jpe;resx;tiff;tif;png;wav;mfcribbon-ms</Extensions>
    </Filter>
    <Filter Include="Client">
      <UniqueIdentifier>{60e03958-e38f-4372-b8bf-a39155f42292}</UniqueIdentifier>
    </Filter>
  </ItemGroup>
  <ItemGroup>
    <ClInclude Include="Message.h">
      <Filter>Header Files</Filter>
    </ClInclude>
    <ClInclude Include="MessageQueue.h">
      <Filter>Header Files</Filter>
    </ClInclude>
    <ClInclude Include="Client.h">
      <Filter>Header Files</Filter>
    </ClInclude>
    <ClInclude Include="ClientTable.h">
      <Filter>Header Files</Filter>
    </ClInclude>
    <ClInclude Include="Logger.h">
      <Filter>Header Files</Filter>
    </ClInclude>
    <ClInclude Include="Session.h">
      <Filter>Header Files</Filter>
    </ClInclude>
    <ClInclude Include="ViewpointMgr.h">
      <Filter>Header Files</Filter>
    </ClInclude>
    <ClInclude Include="ViewbufferMgr.h">
      <Filter>Header Files</Filter>
    </ClInclude>
    <ClInclude Include="ImageEncoder.h">
      <Filter>Header Files</Filter>
    </ClInclude>
    <ClInclude Include="ServerPipeline.h">
      <Filter>Header Files</Filter>
    </ClInclude>
    <ClInclude Include="ServerTask.h">
      <Filter>Header Files</Filter>
    </ClInclude>
    <ClInclude Include="Global.h">
      <Filter>Header Files</Filter>
    </ClInclude>
    <ClInclude Include="Manipulator.h">
      <Filter>Header Files</Filter>
    </ClInclude>
    <ClInclude Include="Predictor.h">
      <Filter>Header Files</Filter>
    </ClInclude>
    <ClInclude Include="Test.h">
      <Filter>Header Files</Filter>
    </ClInclude>
    <ClInclude Include="Configure.h">
      <Filter>Header Files</Filter>
    </ClInclude>
    <ClInclude Include="io_service_pool.h">
      <Filter>Header Files</Filter>
    </ClInclude>
    <ClInclude Include="Server.h">
      <Filter>Header Files</Filter>
    </ClInclude>
    <ClInclude Include="RemoteViewer.h">
      <Filter>Header Files</Filter>
    </ClInclude>
    <ClInclude Include="PredictionCallback.h">
      <Filter>Header Files</Filter>
    </ClInclude>
    <ClInclude Include="Compressor.h">
      <Filter>Header Files</Filter>
    </ClInclude>
    <ClInclude Include="QuickLZ.h">
      <Filter>Header Files</Filter>
    </ClInclude>
    <ClInclude Include="ScreenQuad.h">
      <Filter>Header Files</Filter>
    </ClInclude>
    <ClInclude Include="SceneMgr.h">
      <Filter>Header Files</Filter>
    </ClInclude>
    <ClInclude Include="TouchEventBuffer.h">
      <Filter>Header Files</Filter>
    </ClInclude>
    <ClInclude Include="PreDrawCallback.h">
      <Filter>Header Files</Filter>
    </ClInclude>
    <ClInclude Include="CFirstPersonManipulator.h">
      <Filter>Client</Filter>
    </ClInclude>
    <ClInclude Include="ImageWarper.h">
      <Filter>Header Files</Filter>
    </ClInclude>
    <ClInclude Include="RemoteFirstPersonManipulator.h">
      <Filter>Header Files</Filter>
    </ClInclude>
    <ClInclude Include="ManipulatorInterface.h">
      <Filter>Header Files</Filter>
    </ClInclude>
    <ClInclude Include="AppEngineClient.h">
      <Filter>Header Files</Filter>
    </ClInclude>
    <ClInclude Include="AppEngineOperatorMessage.h">
      <Filter>Header Files</Filter>
    </ClInclude>
    <ClInclude Include="InterfaceMessage.h">
      <Filter>Header Files</Filter>
    </ClInclude>
    <ClInclude Include="CameraOperator.h">
      <Filter>Header Files</Filter>
    </ClInclude>
  </ItemGroup>
  <ItemGroup>
    <ClCompile Include="main.cpp">
      <Filter>Source Files</Filter>
    </ClCompile>
    <ClCompile Include="ServerPipeline.cpp">
      <Filter>Source Files</Filter>
    </ClCompile>
    <ClCompile Include="Session.cpp">
      <Filter>Source Files</Filter>
    </ClCompile>
    <ClCompile Include="ViewpointMgrTask.cpp">
      <Filter>Source Files</Filter>
    </ClCompile>
    <ClCompile Include="RemoteViewer.cpp">
      <Filter>Source Files</Filter>
    </ClCompile>
    <ClCompile Include="PredictionCallback.cpp">
      <Filter>Source Files</Filter>
    </ClCompile>
    <ClCompile Include="Compressor.cpp">
      <Filter>Source Files</Filter>
    </ClCompile>
    <ClCompile Include="QuickLZ.cpp">
      <Filter>Source Files</Filter>
    </ClCompile>
    <ClCompile Include="Client.cpp">
      <Filter>Source Files</Filter>
    </ClCompile>
    <ClCompile Include="ClientTable.cpp">
      <Filter>Source Files</Filter>
    </ClCompile>
    <ClCompile Include="server.cpp">
      <Filter>Source Files</Filter>
    </ClCompile>
    <ClCompile Include="TouchEventBuffer.cpp">
      <Filter>Source Files</Filter>
    </ClCompile>
    <ClCompile Include="Manipulator.cpp">
      <Filter>Source Files</Filter>
    </ClCompile>
    <ClCompile Include="Message.cpp">
      <Filter>Source Files</Filter>
    </ClCompile>
    <ClCompile Include="PreDrawCallBack.cpp">
      <Filter>Source Files</Filter>
    </ClCompile>
    <ClCompile Include="CFirstPersonManipulator.cpp">
      <Filter>Client</Filter>
    </ClCompile>
    <ClCompile Include="RemoteFirstPersonManipulator.cpp">
      <Filter>Source Files</Filter>
    </ClCompile>
    <ClCompile Include="SceneMgr.cpp">
      <Filter>Source Files</Filter>
    </ClCompile>
    <ClCompile Include="AppEngineClient.cpp">
      <Filter>Source Files</Filter>
    </ClCompile>
    <ClCompile Include="AppEngineOperatorMessage.cpp">
      <Filter>Source Files</Filter>
    </ClCompile>
    <ClCompile Include="InterfaceMessgae.cpp">
      <Filter>Source Files</Filter>
    </ClCompile>
    <ClCompile Include="CameraOperator.cpp">
      <Filter>Source Files</Filter>
    </ClCompile>
  </ItemGroup>
</Project>